
Microsoft Visual Studio Solution File, Format Version 12.00
# Visual Studio 2012
Project("{FAE04EC0-301F-11D3-BF4B-00C04F79EFBC}") = "Responder", "Responder\Responder.csproj", "{C6FDE8A3-C48E-460F-8171-A238E6D6FE07}"
EndProject
Global
	GlobalSection(SolutionConfigurationPlatforms) = preSolution
		Debug|Any CPU = Debug|Any CPU
		Release|Any CPU = Release|Any CPU
	EndGlobalSection
	GlobalSection(ProjectConfigurationPlatforms) = postSolution
		{C6FDE8A3-C48E-460F-8171-A238E6D6FE07}.Debug|Any CPU.ActiveCfg = Debug|Any CPU
		{C6FDE8A3-C48E-460F-8171-A238E6D6FE07}.Debug|Any CPU.Build.0 = Debug|Any CPU
		{C6FDE8A3-C48E-460F-8171-A238E6D6FE07}.Release|Any CPU.ActiveCfg = Release|Any CPU
		{C6FDE8A3-C48E-460F-8171-A238E6D6FE07}.Release|Any CPU.Build.0 = Release|Any CPU
	EndGlobalSection
	GlobalSection(SolutionProperties) = preSolution
		HideSolutionNode = FALSE
	EndGlobalSection
EndGlobal
